// !$*UTF8*$!
{
	archiveVersion = 1;
	classes = {
	};
	objectVersion = 46;
	objects = {

/* Begin PBXBuildFile section */
		D959F2481A64046C0025D4D5 /* Photo.m in Sources */ = {isa = PBXBuildFile; fileRef = D959F2471A64046C0025D4D5 /* Photo.m */; };
		D959F24B1A64046D0025D4D5 /* Photographer.m in Sources */ = {isa = PBXBuildFile; fileRef = D959F24A1A64046D0025D4D5 /* Photographer.m */; };
		D959F24E1A6405360025D4D5 /* Photo+FromFlickr.m in Sources */ = {isa = PBXBuildFile; fileRef = D959F24D1A6405360025D4D5 /* Photo+FromFlickr.m */; };
		D959F2511A64054B0025D4D5 /* Photographer+Create.m in Sources */ = {isa = PBXBuildFile; fileRef = D959F2501A64054B0025D4D5 /* Photographer+Create.m */; };
		D98BBFE21A642E2200B3AE07 /* FlickrWebService.m in Sources */ = {isa = PBXBuildFile; fileRef = D98BBFE11A642E2200B3AE07 /* FlickrWebService.m */; };
		D98BBFE71A64601E00B3AE07 /* PhotographersCDTVC.m in Sources */ = {isa = PBXBuildFile; fileRef = D98BBFE41A64601E00B3AE07 /* PhotographersCDTVC.m */; };
		D98BBFE81A64601E00B3AE07 /* CoreDataTableViewController.m in Sources */ = {isa = PBXBuildFile; fileRef = D98BBFE61A64601E00B3AE07 /* CoreDataTableViewController.m */; };
		D98BBFEC1A6466FF00B3AE07 /* CDTSharedManagedDocument.m in Sources */ = {isa = PBXBuildFile; fileRef = D98BBFEB1A6466FF00B3AE07 /* CDTSharedManagedDocument.m */; };
		D9D153551A605B02002F5062 /* main.m in Sources */ = {isa = PBXBuildFile; fileRef = D9D153541A605B02002F5062 /* main.m */; };
		D9D153581A605B02002F5062 /* AppDelegate.m in Sources */ = {isa = PBXBuildFile; fileRef = D9D153571A605B02002F5062 /* AppDelegate.m */; };
		D9D1535B1A605B02002F5062 /* ViewController.m in Sources */ = {isa = PBXBuildFile; fileRef = D9D1535A1A605B02002F5062 /* ViewController.m */; };
		D9D1535E1A605B02002F5062 /* Main.storyboard in Resources */ = {isa = PBXBuildFile; fileRef = D9D1535C1A605B02002F5062 /* Main.storyboard */; };
		D9D153601A605B02002F5062 /* Images.xcassets in Resources */ = {isa = PBXBuildFile; fileRef = D9D1535F1A605B02002F5062 /* Images.xcassets */; };
		D9D153631A605B02002F5062 /* LaunchScreen.xib in Resources */ = {isa = PBXBuildFile; fileRef = D9D153611A605B02002F5062 /* LaunchScreen.xib */; };
		D9D1536F1A605B02002F5062 /* CoreDataTutorialTests.m in Sources */ = {isa = PBXBuildFile; fileRef = D9D1536E1A605B02002F5062 /* CoreDataTutorialTests.m */; };
		D9D153901A63FE50002F5062 /* FlickrFetcher.m in Sources */ = {isa = PBXBuildFile; fileRef = D9D1538D1A63FE50002F5062 /* FlickrFetcher.m */; };
		D9D153951A63FEC0002F5062 /* Data Model.xcdatamodeld in Sources */ = {isa = PBXBuildFile; fileRef = D9D153931A63FEC0002F5062 /* Data Model.xcdatamodeld */; };
/* End PBXBuildFile section */

/* Begin PBXContainerItemProxy section */
		D9D153691A605B02002F5062 /* PBXContainerItemProxy */ = {
			isa = PBXContainerItemProxy;
			containerPortal = D9D153471A605B02002F5062 /* Project object */;
			proxyType = 1;
			remoteGlobalIDString = D9D1534E1A605B02002F5062;
			remoteInfo = CoreDataTutorial;
		};
/* End PBXContainerItemProxy section */

/* Begin PBXFileReference section */
		D959F2461A64046C0025D4D5 /* Photo.h */ = {isa = PBXFileReference; fileEncoding = 4; lastKnownFileType = sourcecode.c.h; path = Photo.h; sourceTree = "<group>"; };
		D959F2471A64046C0025D4D5 /* Photo.m */ = {isa = PBXFileReference; fileEncoding = 4; lastKnownFileType = sourcecode.c.objc; path = Photo.m; sourceTree = "<group>"; };
		D959F2491A64046D0025D4D5 /* Photographer.h */ = {isa = PBXFileReference; fileEncoding = 4; lastKnownFileType = sourcecode.c.h; path = Photographer.h; sourceTree = "<group>"; };
		D959F24A1A64046D0025D4D5 /* Photographer.m */ = {isa = PBXFileReference; fileEncoding = 4; lastKnownFileType = sourcecode.c.objc; path = Photographer.m; sourceTree = "<group>"; };
		D959F24C1A6405360025D4D5 /* Photo+FromFlickr.h */ = {isa = PBXFileReference; fileEncoding = 4; lastKnownFileType = sourcecode.c.h; path = "Photo+FromFlickr.h"; sourceTree = "<group>"; };
		D959F24D1A6405360025D4D5 /* Photo+FromFlickr.m */ = {isa = PBXFileReference; fileEncoding = 4; lastKnownFileType = sourcecode.c.objc; path = "Photo+FromFlickr.m"; sourceTree = "<group>"; };
		D959F24F1A64054B0025D4D5 /* Photographer+Create.h */ = {isa = PBXFileReference; fileEncoding = 4; lastKnownFileType = sourcecode.c.h; path = "Photographer+Create.h"; sourceTree = "<group>"; };
		D959F2501A64054B0025D4D5 /* Photographer+Create.m */ = {isa = PBXFileReference; fileEncoding = 4; lastKnownFileType = sourcecode.c.objc; path = "Photographer+Create.m"; sourceTree = "<group>"; };
		D95B35661A671FB2003CD064 /* PhotoDatabaseAvailability.h */ = {isa = PBXFileReference; lastKnownFileType = sourcecode.c.h; path = PhotoDatabaseAvailability.h; sourceTree = "<group>"; };
		D98BBFE01A642E2200B3AE07 /* FlickrWebService.h */ = {isa = PBXFileReference; fileEncoding = 4; lastKnownFileType = sourcecode.c.h; path = FlickrWebService.h; sourceTree = "<group>"; };
		D98BBFE11A642E2200B3AE07 /* FlickrWebService.m */ = {isa = PBXFileReference; fileEncoding = 4; lastKnownFileType = sourcecode.c.objc; path = FlickrWebService.m; sourceTree = "<group>"; };
		D98BBFE31A64601E00B3AE07 /* PhotographersCDTVC.h */ = {isa = PBXFileReference; fileEncoding = 4; lastKnownFileType = sourcecode.c.h; path = PhotographersCDTVC.h; sourceTree = "<group>"; };
		D98BBFE41A64601E00B3AE07 /* PhotographersCDTVC.m */ = {isa = PBXFileReference; fileEncoding = 4; lastKnownFileType = sourcecode.c.objc; path = PhotographersCDTVC.m; sourceTree = "<group>"; };
		D98BBFE51A64601E00B3AE07 /* CoreDataTableViewController.h */ = {isa = PBXFileReference; fileEncoding = 4; lastKnownFileType = sourcecode.c.h; path = CoreDataTableViewController.h; sourceTree = "<group>"; };
		D98BBFE61A64601E00B3AE07 /* CoreDataTableViewController.m */ = {isa = PBXFileReference; fileEncoding = 4; lastKnownFileType = sourcecode.c.objc; path = CoreDataTableViewController.m; sourceTree = "<group>"; };
		D98BBFEA1A6466FF00B3AE07 /* CDTSharedManagedDocument.h */ = {isa = PBXFileReference; fileEncoding = 4; lastKnownFileType = sourcecode.c.h; path = CDTSharedManagedDocument.h; sourceTree = "<group>"; };
		D98BBFEB1A6466FF00B3AE07 /* CDTSharedManagedDocument.m */ = {isa = PBXFileReference; fileEncoding = 4; lastKnownFileType = sourcecode.c.objc; path = CDTSharedManagedDocument.m; sourceTree = "<group>"; };
		D9D1534F1A605B02002F5062 /* CoreDataTutorial.app */ = {isa = PBXFileReference; explicitFileType = wrapper.application; includeInIndex = 0; path = CoreDataTutorial.app; sourceTree = BUILT_PRODUCTS_DIR; };
		D9D153531A605B02002F5062 /* Info.plist */ = {isa = PBXFileReference; lastKnownFileType = text.plist.xml; path = Info.plist; sourceTree = "<group>"; };
		D9D153541A605B02002F5062 /* main.m */ = {isa = PBXFileReference; lastKnownFileType = sourcecode.c.objc; path = main.m; sourceTree = "<group>"; };
		D9D153561A605B02002F5062 /* AppDelegate.h */ = {isa = PBXFileReference; lastKnownFileType = sourcecode.c.h; path = AppDelegate.h; sourceTree = "<group>"; };
		D9D153571A605B02002F5062 /* AppDelegate.m */ = {isa = PBXFileReference; lastKnownFileType = sourcecode.c.objc; path = AppDelegate.m; sourceTree = "<group>"; };
		D9D153591A605B02002F5062 /* ViewController.h */ = {isa = PBXFileReference; lastKnownFileType = sourcecode.c.h; path = ViewController.h; sourceTree = "<group>"; };
		D9D1535A1A605B02002F5062 /* ViewController.m */ = {isa = PBXFileReference; lastKnownFileType = sourcecode.c.objc; path = ViewController.m; sourceTree = "<group>"; };
		D9D1535D1A605B02002F5062 /* Base */ = {isa = PBXFileReference; lastKnownFileType = file.storyboard; name = Base; path = Base.lproj/Main.storyboard; sourceTree = "<group>"; };
		D9D1535F1A605B02002F5062 /* Images.xcassets */ = {isa = PBXFileReference; lastKnownFileType = folder.assetcatalog; path = Images.xcassets; sourceTree = "<group>"; };
		D9D153621A605B02002F5062 /* Base */ = {isa = PBXFileReference; lastKnownFileType = file.xib; name = Base; path = Base.lproj/LaunchScreen.xib; sourceTree = "<group>"; };
		D9D153681A605B02002F5062 /* CoreDataTutorialTests.xctest */ = {isa = PBXFileReference; explicitFileType = wrapper.cfbundle; includeInIndex = 0; path = CoreDataTutorialTests.xctest; sourceTree = BUILT_PRODUCTS_DIR; };
		D9D1536D1A605B02002F5062 /* Info.plist */ = {isa = PBXFileReference; lastKnownFileType = text.plist.xml; path = Info.plist; sourceTree = "<group>"; };
		D9D1536E1A605B02002F5062 /* CoreDataTutorialTests.m */ = {isa = PBXFileReference; lastKnownFileType = sourcecode.c.objc; path = CoreDataTutorialTests.m; sourceTree = "<group>"; };
		D9D1538B1A63FE50002F5062 /* FlickrAPIKey.h */ = {isa = PBXFileReference; fileEncoding = 4; lastKnownFileType = sourcecode.c.h; path = FlickrAPIKey.h; sourceTree = "<group>"; };
		D9D1538C1A63FE50002F5062 /* FlickrFetcher.h */ = {isa = PBXFileReference; fileEncoding = 4; lastKnownFileType = sourcecode.c.h; path = FlickrFetcher.h; sourceTree = "<group>"; };
		D9D1538D1A63FE50002F5062 /* FlickrFetcher.m */ = {isa = PBXFileReference; fileEncoding = 4; lastKnownFileType = sourcecode.c.objc; path = FlickrFetcher.m; sourceTree = "<group>"; };
		D9D153941A63FEC0002F5062 /* Data Model.xcdatamodel */ = {isa = PBXFileReference; lastKnownFileType = wrapper.xcdatamodel; path = "Data Model.xcdatamodel"; sourceTree = "<group>"; };
/* End PBXFileReference section */

/* Begin PBXFrameworksBuildPhase section */
		D9D1534C1A605B02002F5062 /* Frameworks */ = {
			isa = PBXFrameworksBuildPhase;
			buildActionMask = 2147483647;
			files = (
			);
			runOnlyForDeploymentPostprocessing = 0;
		};
		D9D153651A605B02002F5062 /* Frameworks */ = {
			isa = PBXFrameworksBuildPhase;
			buildActionMask = 2147483647;
			files = (
			);
			runOnlyForDeploymentPostprocessing = 0;
		};
/* End PBXFrameworksBuildPhase section */

/* Begin PBXGroup section */
		D98BBFE91A64602600B3AE07 /* Controllers */ = {
			isa = PBXGroup;
			children = (
				D98BBFE31A64601E00B3AE07 /* PhotographersCDTVC.h */,
				D98BBFE41A64601E00B3AE07 /* PhotographersCDTVC.m */,
				D98BBFE51A64601E00B3AE07 /* CoreDataTableViewController.h */,
				D98BBFE61A64601E00B3AE07 /* CoreDataTableViewController.m */,
			);
			name = Controllers;
			path = ..;
			sourceTree = "<group>";
		};
		D98BBFED1A64670800B3AE07 /* UIManagedDocument */ = {
			isa = PBXGroup;
			children = (
				D95B35661A671FB2003CD064 /* PhotoDatabaseAvailability.h */,
				D98BBFEA1A6466FF00B3AE07 /* CDTSharedManagedDocument.h */,
				D98BBFEB1A6466FF00B3AE07 /* CDTSharedManagedDocument.m */,
			);
			name = UIManagedDocument;
			sourceTree = "<group>";
		};
		D9D153461A605B02002F5062 = {
			isa = PBXGroup;
			children = (
				D9D153511A605B02002F5062 /* CoreDataTutorial */,
				D9D1536B1A605B02002F5062 /* CoreDataTutorialTests */,
				D9D153501A605B02002F5062 /* Products */,
			);
			sourceTree = "<group>";
		};
		D9D153501A605B02002F5062 /* Products */ = {
			isa = PBXGroup;
			children = (
				D9D1534F1A605B02002F5062 /* CoreDataTutorial.app */,
				D9D153681A605B02002F5062 /* CoreDataTutorialTests.xctest */,
			);
			name = Products;
			sourceTree = "<group>";
		};
		D9D153511A605B02002F5062 /* CoreDataTutorial */ = {
			isa = PBXGroup;
			children = (
				D9D153961A63FECF002F5062 /* Model */,
				D98BBFED1A64670800B3AE07 /* UIManagedDocument */,
				D98BBFE91A64602600B3AE07 /* Controllers */,
				D9D153921A63FE5B002F5062 /* Flickr Fetcher */,
				D9D153561A605B02002F5062 /* AppDelegate.h */,
				D9D153571A605B02002F5062 /* AppDelegate.m */,
				D9D153591A605B02002F5062 /* ViewController.h */,
				D9D1535A1A605B02002F5062 /* ViewController.m */,
				D9D1535C1A605B02002F5062 /* Main.storyboard */,
				D9D1535F1A605B02002F5062 /* Images.xcassets */,
				D9D153611A605B02002F5062 /* LaunchScreen.xib */,
				D9D153521A605B02002F5062 /* Supporting Files */,
			);
			path = CoreDataTutorial;
			sourceTree = "<group>";
		};
		D9D153521A605B02002F5062 /* Supporting Files */ = {
			isa = PBXGroup;
			children = (
				D9D153531A605B02002F5062 /* Info.plist */,
				D9D153541A605B02002F5062 /* main.m */,
			);
			name = "Supporting Files";
			sourceTree = "<group>";
		};
		D9D1536B1A605B02002F5062 /* CoreDataTutorialTests */ = {
			isa = PBXGroup;
			children = (
				D9D1536E1A605B02002F5062 /* CoreDataTutorialTests.m */,
				D9D1536C1A605B02002F5062 /* Supporting Files */,
			);
			path = CoreDataTutorialTests;
			sourceTree = "<group>";
		};
		D9D1536C1A605B02002F5062 /* Supporting Files */ = {
			isa = PBXGroup;
			children = (
				D9D1536D1A605B02002F5062 /* Info.plist */,
			);
			name = "Supporting Files";
			sourceTree = "<group>";
		};
		D9D153921A63FE5B002F5062 /* Flickr Fetcher */ = {
			isa = PBXGroup;
			children = (
				D9D1538B1A63FE50002F5062 /* FlickrAPIKey.h */,
				D9D1538C1A63FE50002F5062 /* FlickrFetcher.h */,
				D9D1538D1A63FE50002F5062 /* FlickrFetcher.m */,
				D98BBFE01A642E2200B3AE07 /* FlickrWebService.h */,
				D98BBFE11A642E2200B3AE07 /* FlickrWebService.m */,
			);
			name = "Flickr Fetcher";
			path = ..;
			sourceTree = "<group>";
		};
		D9D153961A63FECF002F5062 /* Model */ = {
			isa = PBXGroup;
			children = (
				D9D153931A63FEC0002F5062 /* Data Model.xcdatamodeld */,
				D959F2461A64046C0025D4D5 /* Photo.h */,
				D959F2471A64046C0025D4D5 /* Photo.m */,
				D959F24C1A6405360025D4D5 /* Photo+FromFlickr.h */,
				D959F24D1A6405360025D4D5 /* Photo+FromFlickr.m */,
				D959F2491A64046D0025D4D5 /* Photographer.h */,
				D959F24A1A64046D0025D4D5 /* Photographer.m */,
				D959F24F1A64054B0025D4D5 /* Photographer+Create.h */,
				D959F2501A64054B0025D4D5 /* Photographer+Create.m */,
			);
			name = Model;
			path = ..;
			sourceTree = "<group>";
		};
/* End PBXGroup section */

/* Begin PBXNativeTarget section */
		D9D1534E1A605B02002F5062 /* CoreDataTutorial */ = {
			isa = PBXNativeTarget;
			buildConfigurationList = D9D153721A605B02002F5062 /* Build configuration list for PBXNativeTarget "CoreDataTutorial" */;
			buildPhases = (
				D9D1534B1A605B02002F5062 /* Sources */,
				D9D1534C1A605B02002F5062 /* Frameworks */,
				D9D1534D1A605B02002F5062 /* Resources */,
			);
			buildRules = (
			);
			dependencies = (
			);
			name = CoreDataTutorial;
			productName = CoreDataTutorial;
			productReference = D9D1534F1A605B02002F5062 /* CoreDataTutorial.app */;
			productType = "com.apple.product-type.application";
		};
		D9D153671A605B02002F5062 /* CoreDataTutorialTests */ = {
			isa = PBXNativeTarget;
			buildConfigurationList = D9D153751A605B02002F5062 /* Build configuration list for PBXNativeTarget "CoreDataTutorialTests" */;
			buildPhases = (
				D9D153641A605B02002F5062 /* Sources */,
				D9D153651A605B02002F5062 /* Frameworks */,
				D9D153661A605B02002F5062 /* Resources */,
			);
			buildRules = (
			);
			dependencies = (
				D9D1536A1A605B02002F5062 /* PBXTargetDependency */,
			);
			name = CoreDataTutorialTests;
			productName = CoreDataTutorialTests;
			productReference = D9D153681A605B02002F5062 /* CoreDataTutorialTests.xctest */;
			productType = "com.apple.product-type.bundle.unit-test";
		};
/* End PBXNativeTarget section */

/* Begin PBXProject section */
		D9D153471A605B02002F5062 /* Project object */ = {
			isa = PBXProject;
			attributes = {
				LastUpgradeCheck = 0610;
				ORGANIZATIONNAME = "LuQuan Intrepid";
				TargetAttributes = {
					D9D1534E1A605B02002F5062 = {
						CreatedOnToolsVersion = 6.1.1;
						SystemCapabilities = {
							com.apple.BackgroundModes = {
								enabled = 1;
							};
						};
					};
					D9D153671A605B02002F5062 = {
						CreatedOnToolsVersion = 6.1.1;
						TestTargetID = D9D1534E1A605B02002F5062;
					};
				};
			};
			buildConfigurationList = D9D1534A1A605B02002F5062 /* Build configuration list for PBXProject "CoreDataTutorial" */;
			compatibilityVersion = "Xcode 3.2";
			developmentRegion = English;
			hasScannedForEncodings = 0;
			knownRegions = (
				en,
				Base,
			);
			mainGroup = D9D153461A605B02002F5062;
			productRefGroup = D9D153501A605B02002F5062 /* Products */;
			projectDirPath = "";
			projectRoot = "";
			targets = (
				D9D1534E1A605B02002F5062 /* CoreDataTutorial */,
				D9D153671A605B02002F5062 /* CoreDataTutorialTests */,
			);
		};
/* End PBXProject section */

/* Begin PBXResourcesBuildPhase section */
		D9D1534D1A605B02002F5062 /* Resources */ = {
			isa = PBXResourcesBuildPhase;
			buildActionMask = 2147483647;
			files = (
				D9D1535E1A605B02002F5062 /* Main.storyboard in Resources */,
				D9D153631A605B02002F5062 /* LaunchScreen.xib in Resources */,
				D9D153601A605B02002F5062 /* Images.xcassets in Resources */,
			);
			runOnlyForDeploymentPostprocessing = 0;
		};
		D9D153661A605B02002F5062 /* Resources */ = {
			isa = PBXResourcesBuildPhase;
			buildActionMask = 2147483647;
			files = (
			);
			runOnlyForDeploymentPostprocessing = 0;
		};
/* End PBXResourcesBuildPhase section */

/* Begin PBXSourcesBuildPhase section */
		D9D1534B1A605B02002F5062 /* Sources */ = {
			isa = PBXSourcesBuildPhase;
			buildActionMask = 2147483647;
			files = (
				D959F2481A64046C0025D4D5 /* Photo.m in Sources */,
				D98BBFE71A64601E00B3AE07 /* PhotographersCDTVC.m in Sources */,
				D98BBFE81A64601E00B3AE07 /* CoreDataTableViewController.m in Sources */,
				D9D153951A63FEC0002F5062 /* Data Model.xcdatamodeld in Sources */,
				D9D1535B1A605B02002F5062 /* ViewController.m in Sources */,
				D959F2511A64054B0025D4D5 /* Photographer+Create.m in Sources */,
				D959F24B1A64046D0025D4D5 /* Photographer.m in Sources */,
				D98BBFE21A642E2200B3AE07 /* FlickrWebService.m in Sources */,
				D9D153581A605B02002F5062 /* AppDelegate.m in Sources */,
				D959F24E1A6405360025D4D5 /* Photo+FromFlickr.m in Sources */,
				D98BBFEC1A6466FF00B3AE07 /* CDTSharedManagedDocument.m in Sources */,
				D9D153901A63FE50002F5062 /* FlickrFetcher.m in Sources */,
				D9D153551A605B02002F5062 /* main.m in Sources */,
			);
			runOnlyForDeploymentPostprocessing = 0;
		};
		D9D153641A605B02002F5062 /* Sources */ = {
			isa = PBXSourcesBuildPhase;
			buildActionMask = 2147483647;
			files = (
				D9D1536F1A605B02002F5062 /* CoreDataTutorialTests.m in Sources */,
			);
			runOnlyForDeploymentPostprocessing = 0;
		};
/* End PBXSourcesBuildPhase section */

/* Begin PBXTargetDependency section */
		D9D1536A1A605B02002F5062 /* PBXTargetDependency */ = {
			isa = PBXTargetDependency;
			target = D9D1534E1A605B02002F5062 /* CoreDataTutorial */;
			targetProxy = D9D153691A605B02002F5062 /* PBXContainerItemProxy */;
		};
/* End PBXTargetDependency section */

/* Begin PBXVariantGroup section */
		D9D1535C1A605B02002F5062 /* Main.storyboard */ = {
			isa = PBXVariantGroup;
			children = (
				D9D1535D1A605B02002F5062 /* Base */,
			);
			name = Main.storyboard;
			sourceTree = "<group>";
		};
		D9D153611A605B02002F5062 /* LaunchScreen.xib */ = {
			isa = PBXVariantGroup;
			children = (
				D9D153621A605B02002F5062 /* Base */,
			);
			name = LaunchScreen.xib;
			sourceTree = "<group>";
		};
/* End PBXVariantGroup section */

/* Begin XCBuildConfiguration section */
		D9D153701A605B02002F5062 /* Debug */ = {
			isa = XCBuildConfiguration;
			buildSettings = {
				ALWAYS_SEARCH_USER_PATHS = NO;
				CLANG_CXX_LANGUAGE_STANDARD = "gnu++0x";
				CLANG_CXX_LIBRARY = "libc++";
				CLANG_ENABLE_MODULES = YES;
				CLANG_ENABLE_OBJC_ARC = YES;
				CLANG_WARN_BOOL_CONVERSION = YES;
				CLANG_WARN_CONSTANT_CONVERSION = YES;
				CLANG_WARN_DIRECT_OBJC_ISA_USAGE = YES_ERROR;
				CLANG_WARN_EMPTY_BODY = YES;
				CLANG_WARN_ENUM_CONVERSION = YES;
				CLANG_WARN_INT_CONVERSION = YES;
				CLANG_WARN_OBJC_ROOT_CLASS = YES_ERROR;
				CLANG_WARN_UNREACHABLE_CODE = YES;
				CLANG_WARN__DUPLICATE_METHOD_MATCH = YES;
				"CODE_SIGN_IDENTITY[sdk=iphoneos*]" = "iPhone Developer";
				COPY_PHASE_STRIP = NO;
				ENABLE_STRICT_OBJC_MSGSEND = YES;
				GCC_C_LANGUAGE_STANDARD = gnu99;
				GCC_DYNAMIC_NO_PIC = NO;
				GCC_OPTIMIZATION_LEVEL = 0;
				GCC_PREPROCESSOR_DEFINITIONS = (
					"DEBUG=1",
					"$(inherited)",
				);
				GCC_SYMBOLS_PRIVATE_EXTERN = NO;
				GCC_WARN_64_TO_32_BIT_CONVERSION = YES;
				GCC_WARN_ABOUT_RETURN_TYPE = YES_ERROR;
				GCC_WARN_UNDECLARED_SELECTOR = YES;
				GCC_WARN_UNINITIALIZED_AUTOS = YES_AGGRESSIVE;
				GCC_WARN_UNUSED_FUNCTION = YES;
				GCC_WARN_UNUSED_VARIABLE = YES;
				IPHONEOS_DEPLOYMENT_TARGET = 8.1;
				MTL_ENABLE_DEBUG_INFO = YES;
				ONLY_ACTIVE_ARCH = YES;
				SDKROOT = iphoneos;
				TARGETED_DEVICE_FAMILY = "1,2";
			};
			name = Debug;
		};
		D9D153711A605B02002F5062 /* Release */ = {
			isa = XCBuildConfiguration;
			buildSettings = {
				ALWAYS_SEARCH_USER_PATHS = NO;
				CLANG_CXX_LANGUAGE_STANDARD = "gnu++0x";
				CLANG_CXX_LIBRARY = "libc++";
				CLANG_ENABLE_MODULES = YES;
				CLANG_ENABLE_OBJC_ARC = YES;
				CLANG_WARN_BOOL_CONVERSION = YES;
				CLANG_WARN_CONSTANT_CONVERSION = YES;
				CLANG_WARN_DIRECT_OBJC_ISA_USAGE = YES_ERROR;
				CLANG_WARN_EMPTY_BODY = YES;
				CLANG_WARN_ENUM_CONVERSION = YES;
				CLANG_WARN_INT_CONVERSION = YES;
				CLANG_WARN_OBJC_ROOT_CLASS = YES_ERROR;
				CLANG_WARN_UNREACHABLE_CODE = YES;
				CLANG_WARN__DUPLICATE_METHOD_MATCH = YES;
				"CODE_SIGN_IDENTITY[sdk=iphoneos*]" = "iPhone Developer";
				COPY_PHASE_STRIP = YES;
				ENABLE_NS_ASSERTIONS = NO;
				ENABLE_STRICT_OBJC_MSGSEND = YES;
				GCC_C_LANGUAGE_STANDARD = gnu99;
				GCC_WARN_64_TO_32_BIT_CONVERSION = YES;
				GCC_WARN_ABOUT_RETURN_TYPE = YES_ERROR;
				GCC_WARN_UNDECLARED_SELECTOR = YES;
				GCC_WARN_UNINITIALIZED_AUTOS = YES_AGGRESSIVE;
				GCC_WARN_UNUSED_FUNCTION = YES;
				GCC_WARN_UNUSED_VARIABLE = YES;
				IPHONEOS_DEPLOYMENT_TARGET = 8.1;
				MTL_ENABLE_DEBUG_INFO = NO;
				SDKROOT = iphoneos;
				TARGETED_DEVICE_FAMILY = "1,2";
				VALIDATE_PRODUCT = YES;
			};
			name = Release;
		};
		D9D153731A605B02002F5062 /* Debug */ = {
			isa = XCBuildConfiguration;
			buildSettings = {
				ASSETCATALOG_COMPILER_APPICON_NAME = AppIcon;
				INFOPLIST_FILE = CoreDataTutorial/Info.plist;
				LD_RUNPATH_SEARCH_PATHS = "$(inherited) @executable_path/Frameworks";
				PRODUCT_NAME = "$(TARGET_NAME)";
			};
			name = Debug;
		};
		D9D153741A605B02002F5062 /* Release */ = {
			isa = XCBuildConfiguration;
			buildSettings = {
				ASSETCATALOG_COMPILER_APPICON_NAME = AppIcon;
				INFOPLIST_FILE = CoreDataTutorial/Info.plist;
				LD_RUNPATH_SEARCH_PATHS = "$(inherited) @executable_path/Frameworks";
				PRODUCT_NAME = "$(TARGET_NAME)";
			};
			name = Release;
		};
		D9D153761A605B02002F5062 /* Debug */ = {
			isa = XCBuildConfiguration;
			buildSettings = {
				BUNDLE_LOADER = "$(TEST_HOST)";
				FRAMEWORK_SEARCH_PATHS = (
					"$(SDKROOT)/Developer/Library/Frameworks",
					"$(inherited)",
				);
				GCC_PREPROCESSOR_DEFINITIONS = (
					"DEBUG=1",
					"$(inherited)",
				);
				INFOPLIST_FILE = CoreDataTutorialTests/Info.plist;
				LD_RUNPATH_SEARCH_PATHS = "$(inherited) @executable_path/Frameworks @loader_path/Frameworks";
				PRODUCT_NAME = "$(TARGET_NAME)";
				TEST_HOST = "$(BUILT_PRODUCTS_DIR)/CoreDataTutorial.app/CoreDataTutorial";
			};
			name = Debug;
		};
		D9D153771A605B02002F5062 /* Release */ = {
			isa = XCBuildConfiguration;
			buildSettings = {
				BUNDLE_LOADER = "$(TEST_HOST)";
				FRAMEWORK_SEARCH_PATHS = (
					"$(SDKROOT)/Developer/Library/Frameworks",
					"$(inherited)",
				);
				INFOPLIST_FILE = CoreDataTutorialTests/Info.plist;
				LD_RUNPATH_SEARCH_PATHS = "$(inherited) @executable_path/Frameworks @loader_path/Frameworks";
				PRODUCT_NAME = "$(TARGET_NAME)";
				TEST_HOST = "$(BUILT_PRODUCTS_DIR)/CoreDataTutorial.app/CoreDataTutorial";
			};
			name = Release;
		};
/* End XCBuildConfiguration section */

/* Begin XCConfigurationList section */
		D9D1534A1A605B02002F5062 /* Build configuration list for PBXProject "CoreDataTutorial" */ = {
			isa = XCConfigurationList;
			buildConfigurations = (
				D9D153701A605B02002F5062 /* Debug */,
				D9D153711A605B02002F5062 /* Release */,
			);
			defaultConfigurationIsVisible = 0;
			defaultConfigurationName = Release;
		};
		D9D153721A605B02002F5062 /* Build configuration list for PBXNativeTarget "CoreDataTutorial" */ = {
			isa = XCConfigurationList;
			buildConfigurations = (
				D9D153731A605B02002F5062 /* Debug */,
				D9D153741A605B02002F5062 /* Release */,
			);
			defaultConfigurationIsVisible = 0;
			defaultConfigurationName = Release;
		};
		D9D153751A605B02002F5062 /* Build configuration list for PBXNativeTarget "CoreDataTutorialTests" */ = {
			isa = XCConfigurationList;
			buildConfigurations = (
				D9D153761A605B02002F5062 /* Debug */,
				D9D153771A605B02002F5062 /* Release */,
			);
			defaultConfigurationIsVisible = 0;
			defaultConfigurationName = Release;
		};
/* End XCConfigurationList section */

/* Begin XCVersionGroup section */
		D9D153931A63FEC0002F5062 /* Data Model.xcdatamodeld */ = {
			isa = XCVersionGroup;
			children = (
				D9D153941A63FEC0002F5062 /* Data Model.xcdatamodel */,
			);
			currentVersion = D9D153941A63FEC0002F5062 /* Data Model.xcdatamodel */;
			path = "Data Model.xcdatamodeld";
			sourceTree = "<group>";
			versionGroupType = wrapper.xcdatamodel;
		};
/* End XCVersionGroup section */
	};
	rootObject = D9D153471A605B02002F5062 /* Project object */;
}
